{
  "pins" : [
    {
      "identity" : "swift-case-paths",
      "kind" : "remoteSourceControl",
      "location" : "https://github.com/pointfreeco/swift-case-paths",
      "state" : {
        "revision" : "fc45e7b2cfece9dd80b5a45e6469ffe67fe67984",
        "version" : "0.14.1"
      }
    },
    {
      "identity" : "swift-parsing",
      "kind" : "remoteSourceControl",
      "location" : "https://github.com/pointfreeco/swift-parsing",
      "state" : {
        "branch" : "0.12.0",
        "revision" : "c6e2241daa46e5c6e5027a93b161bca6ba692bcc"
      }
    },
    {
      "identity" : "xctest-dynamic-overlay",
      "kind" : "remoteSourceControl",
      "location" : "https://github.com/pointfreeco/xctest-dynamic-overlay",
      "state" : {
        "revision" : "50843cbb8551db836adec2290bb4bc6bac5c1865",
        "version" : "0.9.0"
      }
    }
  ],
  "version" : 2
}
